<?xml version="1.0" encoding="utf-8"?>
<Project ToolsVersion="4.0" xmlns="http://schemas.microsoft.com/developer/msbuild/2003">
  <ItemGroup>
    <Filter Include="Resource Files">
      <UniqueIdentifier>{67DA6AB6-F800-4c08-8B7A-83BB121AAD01}</UniqueIdentifier>
      <Extensions>rc;ico;cur;bmp;dlg;rc2;rct;bin;rgs;gif;jpg;jpeg;jpe;resx;tiff;tif;png;wav</Extensions>
    </Filter>
    <Filter Include="MultiTouch">
      <UniqueIdentifier>{761a8e5d-565a-48e1-ae1a-bc1889485541}</UniqueIdentifier>
    </Filter>
    <Filter Include="wxPlatform">
      <UniqueIdentifier>{8ffc9668-249c-47af-8ffb-48d2be777205}</UniqueIdentifier>
    </Filter>
    <Filter Include="DLL">
      <UniqueIdentifier>{704cddde-bc93-4733-af8f-b9a6c72aa8eb}</UniqueIdentifier>
    </Filter>
    <Filter Include="OS">
      <UniqueIdentifier>{fc86476d-b5fd-4ade-b864-933212189fe9}</UniqueIdentifier>
    </Filter>
    <Filter Include="Win32">
      <UniqueIdentifier>{9cb6a06f-cda5-413f-8671-13bd7eb96b33}</UniqueIdentifier>
    </Filter>
  </ItemGroup>
  <ItemGroup>
    <ClCompile Include="Src\MultiTouch.cpp">
      <Filter>MultiTouch</Filter>
    </ClCompile>
    <ClCompile Include="Src\App.cpp">
      <Filter>wxPlatform</Filter>
    </ClCompile>
    <ClCompile Include="Src\ColorDialog.cpp">
      <Filter>wxPlatform</Filter>
    </ClCompile>
    <ClCompile Include="Src\DirDialog.cpp">
      <Filter>wxPlatform</Filter>
    </ClCompile>
    <ClCompile Include="Src\Enums.cpp">
      <Filter>wxPlatform</Filter>
    </ClCompile>
    <ClCompile Include="Src\FileOpenDialog.cpp">
      <Filter>wxPlatform</Filter>
    </ClCompile>
    <ClCompile Include="Src\FileSaveDialog.cpp">
      <Filter>wxPlatform</Filter>
    </ClCompile>
    <ClCompile Include="Src\MessageDialog.cpp">
      <Filter>wxPlatform</Filter>
    </ClCompile>
    <ClCompile Include="Src\NativeMenu.cpp">
      <Filter>wxPlatform</Filter>
    </ClCompile>
    <ClCompile Include="Src\NativeMenuBar.cpp">
      <Filter>wxPlatform</Filter>
    </ClCompile>
    <ClCompile Include="Src\NativeMenuItem.cpp">
      <Filter>wxPlatform</Filter>
    </ClCompile>
    <ClCompile Include="Src\NativeOSWindow.cpp">
      <Filter>wxPlatform</Filter>
    </ClCompile>
    <ClCompile Include="Src\NativeString.cpp">
      <Filter>wxPlatform</Filter>
    </ClCompile>
    <ClCompile Include="Src\PerformanceCounter.cpp">
      <Filter>wxPlatform</Filter>
    </ClCompile>
    <ClCompile Include="Src\SystemInfo.cpp">
      <Filter>wxPlatform</Filter>
    </ClCompile>
    <ClCompile Include="Src\WxKeyboard.cpp">
      <Filter>wxPlatform</Filter>
    </ClCompile>
    <ClCompile Include="Src\WxMouse.cpp">
      <Filter>wxPlatform</Filter>
    </ClCompile>
    <ClCompile Include="Stdafx.cpp">
      <Filter>DLL</Filter>
    </ClCompile>
    <ClCompile Include="Src\PlatformConfig.cpp">
      <Filter>OS</Filter>
    </ClCompile>
    <ClCompile Include="src\Win32App.cpp">
      <Filter>Win32</Filter>
    </ClCompile>
    <ClCompile Include="src\Win32Window.cpp">
      <Filter>Win32</Filter>
    </ClCompile>
    <ClCompile Include="src\Win32DllMain.cpp">
      <Filter>Win32</Filter>
    </ClCompile>
    <ClCompile Include="src\Win32Dialogs.cpp">
      <Filter>Win32</Filter>
    </ClCompile>
  </ItemGroup>
  <ItemGroup>
    <ClInclude Include="Include\MultiTouch.h">
      <Filter>MultiTouch</Filter>
    </ClInclude>
    <ClInclude Include="Include\MultiTouchImpl.h">
      <Filter>MultiTouch</Filter>
    </ClInclude>
    <ClInclude Include="Include\App.h">
      <Filter>wxPlatform</Filter>
    </ClInclude>
    <ClInclude Include="Include\Enums.h">
      <Filter>wxPlatform</Filter>
    </ClInclude>
    <ClInclude Include="Include\NativeOSWindow.h">
      <Filter>wxPlatform</Filter>
    </ClInclude>
    <ClInclude Include="Include\NativeString.h">
      <Filter>wxPlatform</Filter>
    </ClInclude>
    <ClInclude Include="Include\PerformanceCounter.h">
      <Filter>wxPlatform</Filter>
    </ClInclude>
    <ClInclude Include="Include\WxKeyboard.h">
      <Filter>wxPlatform</Filter>
    </ClInclude>
    <ClInclude Include="Include\WxMouse.h">
      <Filter>wxPlatform</Filter>
    </ClInclude>
    <ClInclude Include="resource.h">
      <Filter>DLL</Filter>
    </ClInclude>
    <ClInclude Include="Stdafx.h">
      <Filter>DLL</Filter>
    </ClInclude>
    <ClInclude Include="include\Win32App.h">
      <Filter>Win32</Filter>
    </ClInclude>
    <ClInclude Include="include\Win32Window.h">
      <Filter>Win32</Filter>
    </ClInclude>
    <ClInclude Include="include\Win32KeyMap.h">
      <Filter>Win32</Filter>
    </ClInclude>
    <ClInclude Include="include\FileOpenDialog.h">
      <Filter>wxPlatform</Filter>
    </ClInclude>
    <ClInclude Include="include\FileSaveDialog.h">
      <Filter>wxPlatform</Filter>
    </ClInclude>
  </ItemGroup>
  <ItemGroup>
    <ResourceCompile Include="app.rc">
      <Filter>Resource Files</Filter>
    </ResourceCompile>
  </ItemGroup>
  <ItemGroup>
    <None Include="..\Doppler.ico">
      <Filter>Resource Files</Filter>
    </None>
    <None Include="..\skull.ico">
      <Filter>Resource Files</Filter>
    </None>
    <None Include="ReadMe.txt" />
  </ItemGroup>
</Project>