
Microsoft Visual Studio Solution File, Format Version 10.00
# Visual Studio 2008
Project("{FAE04EC0-301F-11D3-BF4B-00C04F79EFBC}") = "Simulation", "Simulation\Simulation.csproj", "{B05D69F8-6463-4276-8077-D7F3F0C02A9E}"
EndProject
Project("{FAE04EC0-301F-11D3-BF4B-00C04F79EFBC}") = "Head", "Head\Head.csproj", "{3EA2CDFA-DEBE-4A57-BED9-85447F65716E}"
EndProject
Project("{FAE04EC0-301F-11D3-BF4B-00C04F79EFBC}") = "Common", "Common\Common.csproj", "{7185582B-5482-4148-82B0-263477681B01}"
EndProject
Project("{FAE04EC0-301F-11D3-BF4B-00C04F79EFBC}") = "Basic", "Basic\Basic.csproj", "{C815DAAE-9BF7-4EBE-A217-79EF1E90F1F8}"
EndProject
Project("{FAE04EC0-301F-11D3-BF4B-00C04F79EFBC}") = "Advanced", "Advanced\Advanced.csproj", "{B14F9F58-FDF9-42FE-999E-CF3BF48BD342}"
EndProject
Global
	GlobalSection(SolutionConfigurationPlatforms) = preSolution
		Debug|Any CPU = Debug|Any CPU
		Release|Any CPU = Release|Any CPU
	EndGlobalSection
	GlobalSection(ProjectConfigurationPlatforms) = postSolution
		{B05D69F8-6463-4276-8077-D7F3F0C02A9E}.Debug|Any CPU.ActiveCfg = Debug|Any CPU
		{B05D69F8-6463-4276-8077-D7F3F0C02A9E}.Debug|Any CPU.Build.0 = Debug|Any CPU
		{B05D69F8-6463-4276-8077-D7F3F0C02A9E}.Release|Any CPU.ActiveCfg = Release|Any CPU
		{B05D69F8-6463-4276-8077-D7F3F0C02A9E}.Release|Any CPU.Build.0 = Release|Any CPU
		{3EA2CDFA-DEBE-4A57-BED9-85447F65716E}.Debug|Any CPU.ActiveCfg = Debug|Any CPU
		{3EA2CDFA-DEBE-4A57-BED9-85447F65716E}.Debug|Any CPU.Build.0 = Debug|Any CPU
		{3EA2CDFA-DEBE-4A57-BED9-85447F65716E}.Release|Any CPU.ActiveCfg = Release|Any CPU
		{3EA2CDFA-DEBE-4A57-BED9-85447F65716E}.Release|Any CPU.Build.0 = Release|Any CPU
		{7185582B-5482-4148-82B0-263477681B01}.Debug|Any CPU.ActiveCfg = Debug|Any CPU
		{7185582B-5482-4148-82B0-263477681B01}.Debug|Any CPU.Build.0 = Debug|Any CPU
		{7185582B-5482-4148-82B0-263477681B01}.Release|Any CPU.ActiveCfg = Release|Any CPU
		{7185582B-5482-4148-82B0-263477681B01}.Release|Any CPU.Build.0 = Release|Any CPU
		{C815DAAE-9BF7-4EBE-A217-79EF1E90F1F8}.Debug|Any CPU.ActiveCfg = Debug|Any CPU
		{C815DAAE-9BF7-4EBE-A217-79EF1E90F1F8}.Debug|Any CPU.Build.0 = Debug|Any CPU
		{C815DAAE-9BF7-4EBE-A217-79EF1E90F1F8}.Release|Any CPU.ActiveCfg = Release|Any CPU
		{C815DAAE-9BF7-4EBE-A217-79EF1E90F1F8}.Release|Any CPU.Build.0 = Release|Any CPU
		{B14F9F58-FDF9-42FE-999E-CF3BF48BD342}.Debug|Any CPU.ActiveCfg = Debug|Any CPU
		{B14F9F58-FDF9-42FE-999E-CF3BF48BD342}.Debug|Any CPU.Build.0 = Debug|Any CPU
		{B14F9F58-FDF9-42FE-999E-CF3BF48BD342}.Release|Any CPU.ActiveCfg = Release|Any CPU
		{B14F9F58-FDF9-42FE-999E-CF3BF48BD342}.Release|Any CPU.Build.0 = Release|Any CPU
	EndGlobalSection
	GlobalSection(SolutionProperties) = preSolution
		HideSolutionNode = FALSE
	EndGlobalSection
EndGlobal
