
Microsoft Visual Studio Solution File, Format Version 12.00
# Visual Studio 2012
Project("{FAE04EC0-301F-11D3-BF4B-00C04F79EFBC}") = "AnomalousMedicalAndroid", "AnomalousMedicalAndroid\AnomalousMedicalAndroid.csproj", "{C3CD0E46-2841-4330-9773-1E396736B7CB}"
EndProject
Project("{FAE04EC0-301F-11D3-BF4B-00C04F79EFBC}") = "Simulation", "Simulation\Simulation.csproj", "{B05D69F8-6463-4276-8077-D7F3F0C02A9E}"
EndProject
Project("{FAE04EC0-301F-11D3-BF4B-00C04F79EFBC}") = "Standalone", "Standalone\Standalone.csproj", "{E217C194-A14F-41DE-A838-C401E60ADF15}"
EndProject
Project("{2150E333-8FDC-42A3-9474-1A3956D46DE8}") = "Dependencies", "Dependencies", "{92553DC7-0A47-4389-9039-C3178406481E}"
EndProject
Project("{FAE04EC0-301F-11D3-BF4B-00C04F79EFBC}") = "DotNetZip", "..\Dependencies\DotNetZip\DotNetZip.csproj", "{5068F53B-8D7B-4AEE-AF54-7428B0E997A3}"
EndProject
Project("{FAE04EC0-301F-11D3-BF4B-00C04F79EFBC}") = "FreeImageDotNet", "..\Dependencies\FreeImage.NET\Library\FreeImageDotNet.csproj", "{6598A7CD-8F27-4D3F-A675-5AE63113A7C3}"
EndProject
Project("{FAE04EC0-301F-11D3-BF4B-00C04F79EFBC}") = "Lucene.Net", "..\Dependencies\Lucene.net\src\core\Lucene.Net.csproj", "{5D4AD9BE-1FFB-41AB-9943-25737971BF57}"
EndProject
Project("{FAE04EC0-301F-11D3-BF4B-00C04F79EFBC}") = "Mono.Anomalous.Security", "..\Dependencies\Mono\Mono.Security\Mono.Anomalous.Security.csproj", "{A21B2895-668E-4CA9-8C28-D3FF89168E4E}"
EndProject
Project("{FAE04EC0-301F-11D3-BF4B-00C04F79EFBC}") = "Newtonsoft.Json.Portable40", "..\Dependencies\Newtonsoft.Json\Src\Newtonsoft.Json\Newtonsoft.Json.Portable40.csproj", "{959F7F85-C98B-4876-971A-9036224578E4}"
EndProject
Project("{2150E333-8FDC-42A3-9474-1A3956D46DE8}") = "Engine", "Engine", "{6830647C-7CC4-46B9-99DE-3496607C8D7C}"
EndProject
Project("{FAE04EC0-301F-11D3-BF4B-00C04F79EFBC}") = "BEPUikPlugin", "..\Engine\BEPUikPlugin\BEPUikPlugin.csproj", "{39F1AB5F-F0B1-45FD-AD66-9C03AF1F022E}"
EndProject
Project("{FAE04EC0-301F-11D3-BF4B-00C04F79EFBC}") = "BulletWrapperPlugin", "..\Engine\BulletWrapperPlugin\BulletWrapperPlugin.csproj", "{EBA88DC3-837D-45D8-A91A-E291C6AE444E}"
EndProject
Project("{FAE04EC0-301F-11D3-BF4B-00C04F79EFBC}") = "Engine", "..\Engine\Engine\Engine.csproj", "{57C253F1-157F-4A6A-9FED-345A776B97D5}"
EndProject
Project("{FAE04EC0-301F-11D3-BF4B-00C04F79EFBC}") = "GuiFramework", "..\Engine\GuiFramework\GuiFramework.csproj", "{FC299A06-61BD-4562-A315-0F0BE454925A}"
EndProject
Project("{FAE04EC0-301F-11D3-BF4B-00C04F79EFBC}") = "GuiFramework.Cameras", "..\Engine\GuiFramework.Cameras\GuiFramework.Cameras.csproj", "{83D4BB54-FF33-4011-9819-582458329D9B}"
EndProject
Project("{FAE04EC0-301F-11D3-BF4B-00C04F79EFBC}") = "GuiFramework.Debugging", "..\Engine\GuiFramework.Debugging\GuiFramework.Debugging.csproj", "{9183C078-D330-459B-BE70-DA4CC96A361D}"
EndProject
Project("{FAE04EC0-301F-11D3-BF4B-00C04F79EFBC}") = "GuiFramework.Editor", "..\Engine\GuiFramework.Editor\GuiFramework.Editor.csproj", "{ACBBA2D0-C648-4798-9D40-CE8B797642AD}"
EndProject
Project("{FAE04EC0-301F-11D3-BF4B-00C04F79EFBC}") = "libRocketPlugin", "..\Engine\libRocketPlugin\libRocketPlugin.csproj", "{A221C2F5-2089-495B-B51A-54710507344A}"
EndProject
Project("{FAE04EC0-301F-11D3-BF4B-00C04F79EFBC}") = "libRocketWidget", "..\Engine\libRocketWidget\libRocketWidget.csproj", "{922F9AEC-9921-4234-89E5-14CE09625A07}"
EndProject
Project("{FAE04EC0-301F-11D3-BF4B-00C04F79EFBC}") = "OgrePlugin", "..\Engine\OgrePlugin\OgrePlugin.csproj", "{E9FD5768-32E1-42C7-8256-4D7B97C22A9B}"
EndProject
Project("{FAE04EC0-301F-11D3-BF4B-00C04F79EFBC}") = "MyGUIPlugin", "..\Engine\MyGUIPlugin\MyGUIPlugin.csproj", "{02D4DA85-FD6C-421F-81C3-8F58F790BC81}"
EndProject
Project("{FAE04EC0-301F-11D3-BF4B-00C04F79EFBC}") = "OSPlatform", "..\Engine\OSPlatform\OSPlatform.csproj", "{6E594C78-9CD8-432D-A135-11C4A72F3BCF}"
EndProject
Project("{FAE04EC0-301F-11D3-BF4B-00C04F79EFBC}") = "SoundPlugin", "..\Engine\SoundPlugin\SoundPlugin.csproj", "{CCAEFE0A-AD1F-42E8-88DA-5A685CC7C73D}"
EndProject
Project("{FAE04EC0-301F-11D3-BF4B-00C04F79EFBC}") = "ShapeLoader", "..\Engine\ShapeLoader\ShapeLoader.csproj", "{FECE54F4-6796-486F-9617-6D706DDFD0DF}"
EndProject
Global
	GlobalSection(SolutionConfigurationPlatforms) = preSolution
		Debug|Any CPU = Debug|Any CPU
		Release|Any CPU = Release|Any CPU
		PublicRelease|Any CPU = PublicRelease|Any CPU
	EndGlobalSection
	GlobalSection(ProjectConfigurationPlatforms) = postSolution
		{02D4DA85-FD6C-421F-81C3-8F58F790BC81}.Debug|Any CPU.ActiveCfg = Release|Any CPU
		{02D4DA85-FD6C-421F-81C3-8F58F790BC81}.Debug|Any CPU.Build.0 = Release|Any CPU
		{02D4DA85-FD6C-421F-81C3-8F58F790BC81}.PublicRelease|Any CPU.ActiveCfg = Release|Any CPU
		{02D4DA85-FD6C-421F-81C3-8F58F790BC81}.PublicRelease|Any CPU.Build.0 = Release|Any CPU
		{02D4DA85-FD6C-421F-81C3-8F58F790BC81}.Release|Any CPU.ActiveCfg = Release|Any CPU
		{02D4DA85-FD6C-421F-81C3-8F58F790BC81}.Release|Any CPU.Build.0 = Release|Any CPU
		{39F1AB5F-F0B1-45FD-AD66-9C03AF1F022E}.Debug|Any CPU.ActiveCfg = Release|Any CPU
		{39F1AB5F-F0B1-45FD-AD66-9C03AF1F022E}.Debug|Any CPU.Build.0 = Release|Any CPU
		{39F1AB5F-F0B1-45FD-AD66-9C03AF1F022E}.PublicRelease|Any CPU.ActiveCfg = Release|Any CPU
		{39F1AB5F-F0B1-45FD-AD66-9C03AF1F022E}.PublicRelease|Any CPU.Build.0 = Release|Any CPU
		{39F1AB5F-F0B1-45FD-AD66-9C03AF1F022E}.Release|Any CPU.ActiveCfg = Release|Any CPU
		{39F1AB5F-F0B1-45FD-AD66-9C03AF1F022E}.Release|Any CPU.Build.0 = Release|Any CPU
		{5068F53B-8D7B-4AEE-AF54-7428B0E997A3}.Debug|Any CPU.ActiveCfg = Release|Any CPU
		{5068F53B-8D7B-4AEE-AF54-7428B0E997A3}.Debug|Any CPU.Build.0 = Release|Any CPU
		{5068F53B-8D7B-4AEE-AF54-7428B0E997A3}.PublicRelease|Any CPU.ActiveCfg = Release|Any CPU
		{5068F53B-8D7B-4AEE-AF54-7428B0E997A3}.PublicRelease|Any CPU.Build.0 = Release|Any CPU
		{5068F53B-8D7B-4AEE-AF54-7428B0E997A3}.Release|Any CPU.ActiveCfg = Release|Any CPU
		{5068F53B-8D7B-4AEE-AF54-7428B0E997A3}.Release|Any CPU.Build.0 = Release|Any CPU
		{57C253F1-157F-4A6A-9FED-345A776B97D5}.Debug|Any CPU.ActiveCfg = Release|Any CPU
		{57C253F1-157F-4A6A-9FED-345A776B97D5}.Debug|Any CPU.Build.0 = Release|Any CPU
		{57C253F1-157F-4A6A-9FED-345A776B97D5}.PublicRelease|Any CPU.ActiveCfg = Release|Any CPU
		{57C253F1-157F-4A6A-9FED-345A776B97D5}.PublicRelease|Any CPU.Build.0 = Release|Any CPU
		{57C253F1-157F-4A6A-9FED-345A776B97D5}.Release|Any CPU.ActiveCfg = Release|Any CPU
		{57C253F1-157F-4A6A-9FED-345A776B97D5}.Release|Any CPU.Build.0 = Release|Any CPU
		{5D4AD9BE-1FFB-41AB-9943-25737971BF57}.Debug|Any CPU.ActiveCfg = Release|Any CPU
		{5D4AD9BE-1FFB-41AB-9943-25737971BF57}.Debug|Any CPU.Build.0 = Release|Any CPU
		{5D4AD9BE-1FFB-41AB-9943-25737971BF57}.PublicRelease|Any CPU.ActiveCfg = Release|Any CPU
		{5D4AD9BE-1FFB-41AB-9943-25737971BF57}.PublicRelease|Any CPU.Build.0 = Release|Any CPU
		{5D4AD9BE-1FFB-41AB-9943-25737971BF57}.Release|Any CPU.ActiveCfg = Release|Any CPU
		{5D4AD9BE-1FFB-41AB-9943-25737971BF57}.Release|Any CPU.Build.0 = Release|Any CPU
		{6598A7CD-8F27-4D3F-A675-5AE63113A7C3}.Debug|Any CPU.ActiveCfg = Release|Any CPU
		{6598A7CD-8F27-4D3F-A675-5AE63113A7C3}.Debug|Any CPU.Build.0 = Release|Any CPU
		{6598A7CD-8F27-4D3F-A675-5AE63113A7C3}.PublicRelease|Any CPU.ActiveCfg = Release|Any CPU
		{6598A7CD-8F27-4D3F-A675-5AE63113A7C3}.PublicRelease|Any CPU.Build.0 = Release|Any CPU
		{6598A7CD-8F27-4D3F-A675-5AE63113A7C3}.Release|Any CPU.ActiveCfg = Release|Any CPU
		{6598A7CD-8F27-4D3F-A675-5AE63113A7C3}.Release|Any CPU.Build.0 = Release|Any CPU
		{6E594C78-9CD8-432D-A135-11C4A72F3BCF}.Debug|Any CPU.ActiveCfg = Release|Any CPU
		{6E594C78-9CD8-432D-A135-11C4A72F3BCF}.Debug|Any CPU.Build.0 = Release|Any CPU
		{6E594C78-9CD8-432D-A135-11C4A72F3BCF}.PublicRelease|Any CPU.ActiveCfg = Release|Any CPU
		{6E594C78-9CD8-432D-A135-11C4A72F3BCF}.PublicRelease|Any CPU.Build.0 = Release|Any CPU
		{6E594C78-9CD8-432D-A135-11C4A72F3BCF}.Release|Any CPU.ActiveCfg = Release|Any CPU
		{6E594C78-9CD8-432D-A135-11C4A72F3BCF}.Release|Any CPU.Build.0 = Release|Any CPU
		{83D4BB54-FF33-4011-9819-582458329D9B}.Debug|Any CPU.ActiveCfg = Release|Any CPU
		{83D4BB54-FF33-4011-9819-582458329D9B}.Debug|Any CPU.Build.0 = Release|Any CPU
		{83D4BB54-FF33-4011-9819-582458329D9B}.PublicRelease|Any CPU.ActiveCfg = Release|Any CPU
		{83D4BB54-FF33-4011-9819-582458329D9B}.PublicRelease|Any CPU.Build.0 = Release|Any CPU
		{83D4BB54-FF33-4011-9819-582458329D9B}.Release|Any CPU.ActiveCfg = Release|Any CPU
		{83D4BB54-FF33-4011-9819-582458329D9B}.Release|Any CPU.Build.0 = Release|Any CPU
		{9183C078-D330-459B-BE70-DA4CC96A361D}.Debug|Any CPU.ActiveCfg = Release|Any CPU
		{9183C078-D330-459B-BE70-DA4CC96A361D}.Debug|Any CPU.Build.0 = Release|Any CPU
		{9183C078-D330-459B-BE70-DA4CC96A361D}.PublicRelease|Any CPU.ActiveCfg = Release|Any CPU
		{9183C078-D330-459B-BE70-DA4CC96A361D}.PublicRelease|Any CPU.Build.0 = Release|Any CPU
		{9183C078-D330-459B-BE70-DA4CC96A361D}.Release|Any CPU.ActiveCfg = Release|Any CPU
		{9183C078-D330-459B-BE70-DA4CC96A361D}.Release|Any CPU.Build.0 = Release|Any CPU
		{922F9AEC-9921-4234-89E5-14CE09625A07}.Debug|Any CPU.ActiveCfg = Release|Any CPU
		{922F9AEC-9921-4234-89E5-14CE09625A07}.Debug|Any CPU.Build.0 = Release|Any CPU
		{922F9AEC-9921-4234-89E5-14CE09625A07}.PublicRelease|Any CPU.ActiveCfg = Release|Any CPU
		{922F9AEC-9921-4234-89E5-14CE09625A07}.PublicRelease|Any CPU.Build.0 = Release|Any CPU
		{922F9AEC-9921-4234-89E5-14CE09625A07}.Release|Any CPU.ActiveCfg = Release|Any CPU
		{922F9AEC-9921-4234-89E5-14CE09625A07}.Release|Any CPU.Build.0 = Release|Any CPU
		{959F7F85-C98B-4876-971A-9036224578E4}.Debug|Any CPU.ActiveCfg = Release|Any CPU
		{959F7F85-C98B-4876-971A-9036224578E4}.Debug|Any CPU.Build.0 = Release|Any CPU
		{959F7F85-C98B-4876-971A-9036224578E4}.PublicRelease|Any CPU.ActiveCfg = Release|Any CPU
		{959F7F85-C98B-4876-971A-9036224578E4}.PublicRelease|Any CPU.Build.0 = Release|Any CPU
		{959F7F85-C98B-4876-971A-9036224578E4}.Release|Any CPU.ActiveCfg = Release|Any CPU
		{959F7F85-C98B-4876-971A-9036224578E4}.Release|Any CPU.Build.0 = Release|Any CPU
		{A21B2895-668E-4CA9-8C28-D3FF89168E4E}.Debug|Any CPU.ActiveCfg = Release|Any CPU
		{A21B2895-668E-4CA9-8C28-D3FF89168E4E}.Debug|Any CPU.Build.0 = Release|Any CPU
		{A21B2895-668E-4CA9-8C28-D3FF89168E4E}.PublicRelease|Any CPU.ActiveCfg = Release|Any CPU
		{A21B2895-668E-4CA9-8C28-D3FF89168E4E}.PublicRelease|Any CPU.Build.0 = Release|Any CPU
		{A21B2895-668E-4CA9-8C28-D3FF89168E4E}.Release|Any CPU.ActiveCfg = Release|Any CPU
		{A21B2895-668E-4CA9-8C28-D3FF89168E4E}.Release|Any CPU.Build.0 = Release|Any CPU
		{A221C2F5-2089-495B-B51A-54710507344A}.Debug|Any CPU.ActiveCfg = Release|Any CPU
		{A221C2F5-2089-495B-B51A-54710507344A}.Debug|Any CPU.Build.0 = Release|Any CPU
		{A221C2F5-2089-495B-B51A-54710507344A}.PublicRelease|Any CPU.ActiveCfg = Release|Any CPU
		{A221C2F5-2089-495B-B51A-54710507344A}.PublicRelease|Any CPU.Build.0 = Release|Any CPU
		{A221C2F5-2089-495B-B51A-54710507344A}.Release|Any CPU.ActiveCfg = Release|Any CPU
		{A221C2F5-2089-495B-B51A-54710507344A}.Release|Any CPU.Build.0 = Release|Any CPU
		{ACBBA2D0-C648-4798-9D40-CE8B797642AD}.Debug|Any CPU.ActiveCfg = Release|Any CPU
		{ACBBA2D0-C648-4798-9D40-CE8B797642AD}.Debug|Any CPU.Build.0 = Release|Any CPU
		{ACBBA2D0-C648-4798-9D40-CE8B797642AD}.PublicRelease|Any CPU.ActiveCfg = Release|Any CPU
		{ACBBA2D0-C648-4798-9D40-CE8B797642AD}.PublicRelease|Any CPU.Build.0 = Release|Any CPU
		{ACBBA2D0-C648-4798-9D40-CE8B797642AD}.Release|Any CPU.ActiveCfg = Release|Any CPU
		{ACBBA2D0-C648-4798-9D40-CE8B797642AD}.Release|Any CPU.Build.0 = Release|Any CPU
		{B05D69F8-6463-4276-8077-D7F3F0C02A9E}.Debug|Any CPU.ActiveCfg = Release|Any CPU
		{B05D69F8-6463-4276-8077-D7F3F0C02A9E}.Debug|Any CPU.Build.0 = Release|Any CPU
		{B05D69F8-6463-4276-8077-D7F3F0C02A9E}.PublicRelease|Any CPU.ActiveCfg = PublicRelease|Any CPU
		{B05D69F8-6463-4276-8077-D7F3F0C02A9E}.PublicRelease|Any CPU.Build.0 = PublicRelease|Any CPU
		{B05D69F8-6463-4276-8077-D7F3F0C02A9E}.Release|Any CPU.ActiveCfg = Release|Any CPU
		{B05D69F8-6463-4276-8077-D7F3F0C02A9E}.Release|Any CPU.Build.0 = Release|Any CPU
		{C3CD0E46-2841-4330-9773-1E396736B7CB}.Debug|Any CPU.ActiveCfg = Debug|Any CPU
		{C3CD0E46-2841-4330-9773-1E396736B7CB}.Debug|Any CPU.Build.0 = Debug|Any CPU
		{C3CD0E46-2841-4330-9773-1E396736B7CB}.PublicRelease|Any CPU.ActiveCfg = PublicRelease|Any CPU
		{C3CD0E46-2841-4330-9773-1E396736B7CB}.PublicRelease|Any CPU.Build.0 = PublicRelease|Any CPU
		{C3CD0E46-2841-4330-9773-1E396736B7CB}.Release|Any CPU.ActiveCfg = Release|Any CPU
		{C3CD0E46-2841-4330-9773-1E396736B7CB}.Release|Any CPU.Build.0 = Release|Any CPU
		{CCAEFE0A-AD1F-42E8-88DA-5A685CC7C73D}.Debug|Any CPU.ActiveCfg = Release|Any CPU
		{CCAEFE0A-AD1F-42E8-88DA-5A685CC7C73D}.Debug|Any CPU.Build.0 = Release|Any CPU
		{CCAEFE0A-AD1F-42E8-88DA-5A685CC7C73D}.PublicRelease|Any CPU.ActiveCfg = Release|Any CPU
		{CCAEFE0A-AD1F-42E8-88DA-5A685CC7C73D}.PublicRelease|Any CPU.Build.0 = Release|Any CPU
		{CCAEFE0A-AD1F-42E8-88DA-5A685CC7C73D}.Release|Any CPU.ActiveCfg = Release|Any CPU
		{CCAEFE0A-AD1F-42E8-88DA-5A685CC7C73D}.Release|Any CPU.Build.0 = Release|Any CPU
		{E217C194-A14F-41DE-A838-C401E60ADF15}.Debug|Any CPU.ActiveCfg = Release|Any CPU
		{E217C194-A14F-41DE-A838-C401E60ADF15}.Debug|Any CPU.Build.0 = Release|Any CPU
		{E217C194-A14F-41DE-A838-C401E60ADF15}.PublicRelease|Any CPU.ActiveCfg = PublicRelease|Any CPU
		{E217C194-A14F-41DE-A838-C401E60ADF15}.PublicRelease|Any CPU.Build.0 = PublicRelease|Any CPU
		{E217C194-A14F-41DE-A838-C401E60ADF15}.Release|Any CPU.ActiveCfg = Release|Any CPU
		{E217C194-A14F-41DE-A838-C401E60ADF15}.Release|Any CPU.Build.0 = Release|Any CPU
		{E9FD5768-32E1-42C7-8256-4D7B97C22A9B}.Debug|Any CPU.ActiveCfg = Release|Any CPU
		{E9FD5768-32E1-42C7-8256-4D7B97C22A9B}.Debug|Any CPU.Build.0 = Release|Any CPU
		{E9FD5768-32E1-42C7-8256-4D7B97C22A9B}.PublicRelease|Any CPU.ActiveCfg = Release|Any CPU
		{E9FD5768-32E1-42C7-8256-4D7B97C22A9B}.PublicRelease|Any CPU.Build.0 = Release|Any CPU
		{E9FD5768-32E1-42C7-8256-4D7B97C22A9B}.Release|Any CPU.ActiveCfg = Release|Any CPU
		{E9FD5768-32E1-42C7-8256-4D7B97C22A9B}.Release|Any CPU.Build.0 = Release|Any CPU
		{EBA88DC3-837D-45D8-A91A-E291C6AE444E}.Debug|Any CPU.ActiveCfg = Release|Any CPU
		{EBA88DC3-837D-45D8-A91A-E291C6AE444E}.Debug|Any CPU.Build.0 = Release|Any CPU
		{EBA88DC3-837D-45D8-A91A-E291C6AE444E}.PublicRelease|Any CPU.ActiveCfg = Release|Any CPU
		{EBA88DC3-837D-45D8-A91A-E291C6AE444E}.PublicRelease|Any CPU.Build.0 = Release|Any CPU
		{EBA88DC3-837D-45D8-A91A-E291C6AE444E}.Release|Any CPU.ActiveCfg = Release|Any CPU
		{EBA88DC3-837D-45D8-A91A-E291C6AE444E}.Release|Any CPU.Build.0 = Release|Any CPU
		{FC299A06-61BD-4562-A315-0F0BE454925A}.Debug|Any CPU.ActiveCfg = Release|Any CPU
		{FC299A06-61BD-4562-A315-0F0BE454925A}.Debug|Any CPU.Build.0 = Release|Any CPU
		{FC299A06-61BD-4562-A315-0F0BE454925A}.PublicRelease|Any CPU.ActiveCfg = Release|Any CPU
		{FC299A06-61BD-4562-A315-0F0BE454925A}.PublicRelease|Any CPU.Build.0 = Release|Any CPU
		{FC299A06-61BD-4562-A315-0F0BE454925A}.Release|Any CPU.ActiveCfg = Release|Any CPU
		{FC299A06-61BD-4562-A315-0F0BE454925A}.Release|Any CPU.Build.0 = Release|Any CPU
		{FECE54F4-6796-486F-9617-6D706DDFD0DF}.Debug|Any CPU.ActiveCfg = Release|Any CPU
		{FECE54F4-6796-486F-9617-6D706DDFD0DF}.Debug|Any CPU.Build.0 = Release|Any CPU
		{FECE54F4-6796-486F-9617-6D706DDFD0DF}.PublicRelease|Any CPU.ActiveCfg = Release|Any CPU
		{FECE54F4-6796-486F-9617-6D706DDFD0DF}.PublicRelease|Any CPU.Build.0 = Release|Any CPU
		{FECE54F4-6796-486F-9617-6D706DDFD0DF}.Release|Any CPU.ActiveCfg = Release|Any CPU
		{FECE54F4-6796-486F-9617-6D706DDFD0DF}.Release|Any CPU.Build.0 = Release|Any CPU
	EndGlobalSection
	GlobalSection(NestedProjects) = preSolution
		{5068F53B-8D7B-4AEE-AF54-7428B0E997A3} = {92553DC7-0A47-4389-9039-C3178406481E}
		{6598A7CD-8F27-4D3F-A675-5AE63113A7C3} = {92553DC7-0A47-4389-9039-C3178406481E}
		{5D4AD9BE-1FFB-41AB-9943-25737971BF57} = {92553DC7-0A47-4389-9039-C3178406481E}
		{A21B2895-668E-4CA9-8C28-D3FF89168E4E} = {92553DC7-0A47-4389-9039-C3178406481E}
		{959F7F85-C98B-4876-971A-9036224578E4} = {92553DC7-0A47-4389-9039-C3178406481E}
		{39F1AB5F-F0B1-45FD-AD66-9C03AF1F022E} = {6830647C-7CC4-46B9-99DE-3496607C8D7C}
		{EBA88DC3-837D-45D8-A91A-E291C6AE444E} = {6830647C-7CC4-46B9-99DE-3496607C8D7C}
		{57C253F1-157F-4A6A-9FED-345A776B97D5} = {6830647C-7CC4-46B9-99DE-3496607C8D7C}
		{FC299A06-61BD-4562-A315-0F0BE454925A} = {6830647C-7CC4-46B9-99DE-3496607C8D7C}
		{83D4BB54-FF33-4011-9819-582458329D9B} = {6830647C-7CC4-46B9-99DE-3496607C8D7C}
		{9183C078-D330-459B-BE70-DA4CC96A361D} = {6830647C-7CC4-46B9-99DE-3496607C8D7C}
		{ACBBA2D0-C648-4798-9D40-CE8B797642AD} = {6830647C-7CC4-46B9-99DE-3496607C8D7C}
		{A221C2F5-2089-495B-B51A-54710507344A} = {6830647C-7CC4-46B9-99DE-3496607C8D7C}
		{922F9AEC-9921-4234-89E5-14CE09625A07} = {6830647C-7CC4-46B9-99DE-3496607C8D7C}
		{E9FD5768-32E1-42C7-8256-4D7B97C22A9B} = {6830647C-7CC4-46B9-99DE-3496607C8D7C}
		{02D4DA85-FD6C-421F-81C3-8F58F790BC81} = {6830647C-7CC4-46B9-99DE-3496607C8D7C}
		{6E594C78-9CD8-432D-A135-11C4A72F3BCF} = {6830647C-7CC4-46B9-99DE-3496607C8D7C}
		{CCAEFE0A-AD1F-42E8-88DA-5A685CC7C73D} = {6830647C-7CC4-46B9-99DE-3496607C8D7C}
		{FECE54F4-6796-486F-9617-6D706DDFD0DF} = {6830647C-7CC4-46B9-99DE-3496607C8D7C}
	EndGlobalSection
EndGlobal
