
Microsoft Visual Studio Solution File, Format Version 11.00
# Visual Studio 2010
Project("{FAE04EC0-301F-11D3-BF4B-00C04F79EFBC}") = "Simulation", "Simulation\Simulation.csproj", "{B05D69F8-6463-4276-8077-D7F3F0C02A9E}"
EndProject
Project("{FAE04EC0-301F-11D3-BF4B-00C04F79EFBC}") = "Standalone", "Standalone\Standalone.csproj", "{E217C194-A14F-41DE-A838-C401E60ADF15}"
EndProject
Project("{FAE04EC0-301F-11D3-BF4B-00C04F79EFBC}") = "Editor", "Editor\Editor.csproj", "{18F80BE1-DD03-4F78-AF02-9F61258B6720}"
EndProject
Project("{FAE04EC0-301F-11D3-BF4B-00C04F79EFBC}") = "OSHelper", "OSHelper\OSX\OSHelper.csproj", "{D8592C64-2FB3-422B-A7B0-F0C62D728221}"
EndProject
Project("{FAE04EC0-301F-11D3-BF4B-00C04F79EFBC}") = "Premium", "Premium\Premium.csproj", "{1F96D2F8-95A5-44B0-9631-3E0AC0669D7B}"
EndProject
Project("{FAE04EC0-301F-11D3-BF4B-00C04F79EFBC}") = "AnomalousMedical", "AnomalousMedical\AnomalousMedical.csproj", "{D8A56807-3DAC-44EA-947C-3B232D049AC9}"
EndProject
Project("{FAE04EC0-301F-11D3-BF4B-00C04F79EFBC}") = "AnomalousMedicalBundle", "AnomalousMedical\OSX\AnomalousMedicalBundle.csproj", "{D8592C64-2FB3-422B-A7B0-F0C62E728221}"
EndProject
Project("{FAE04EC0-301F-11D3-BF4B-00C04F79EFBC}") = "Developer", "Developer\Developer.csproj", "{75CA7304-5CC0-48B0-B40C-1E2E5E891F2B}"
EndProject
Global
	GlobalSection(SolutionConfigurationPlatforms) = preSolution
		Debug|Any CPU = Debug|Any CPU
		Debug|Mixed Platforms = Debug|Mixed Platforms
		Debug|Win32 = Debug|Win32
		Debug|x86 = Debug|x86
		PublicRelease|Any CPU = PublicRelease|Any CPU
		PublicRelease|Mixed Platforms = PublicRelease|Mixed Platforms
		PublicRelease|Win32 = PublicRelease|Win32
		PublicRelease|x86 = PublicRelease|x86
		Release|Any CPU = Release|Any CPU
		Release|Mixed Platforms = Release|Mixed Platforms
		Release|Win32 = Release|Win32
		Release|x86 = Release|x86
	EndGlobalSection
	GlobalSection(ProjectConfigurationPlatforms) = postSolution
		{B05D69F8-6463-4276-8077-D7F3F0C02A9E}.Debug|Any CPU.ActiveCfg = Debug|Any CPU
		{B05D69F8-6463-4276-8077-D7F3F0C02A9E}.Debug|Any CPU.Build.0 = Debug|Any CPU
		{B05D69F8-6463-4276-8077-D7F3F0C02A9E}.Debug|Mixed Platforms.ActiveCfg = Debug|Any CPU
		{B05D69F8-6463-4276-8077-D7F3F0C02A9E}.Debug|Mixed Platforms.Build.0 = Debug|Any CPU
		{B05D69F8-6463-4276-8077-D7F3F0C02A9E}.Debug|Win32.ActiveCfg = Debug|Any CPU
		{B05D69F8-6463-4276-8077-D7F3F0C02A9E}.Debug|x86.ActiveCfg = Debug|Any CPU
		{B05D69F8-6463-4276-8077-D7F3F0C02A9E}.PublicRelease|Any CPU.ActiveCfg = PublicRelease|Any CPU
		{B05D69F8-6463-4276-8077-D7F3F0C02A9E}.PublicRelease|Any CPU.Build.0 = PublicRelease|Any CPU
		{B05D69F8-6463-4276-8077-D7F3F0C02A9E}.PublicRelease|Mixed Platforms.ActiveCfg = PublicRelease|Any CPU
		{B05D69F8-6463-4276-8077-D7F3F0C02A9E}.PublicRelease|Mixed Platforms.Build.0 = PublicRelease|Any CPU
		{B05D69F8-6463-4276-8077-D7F3F0C02A9E}.PublicRelease|Win32.ActiveCfg = PublicRelease|Any CPU
		{B05D69F8-6463-4276-8077-D7F3F0C02A9E}.PublicRelease|x86.ActiveCfg = PublicRelease|Any CPU
		{B05D69F8-6463-4276-8077-D7F3F0C02A9E}.Release|Any CPU.ActiveCfg = Release|Any CPU
		{B05D69F8-6463-4276-8077-D7F3F0C02A9E}.Release|Any CPU.Build.0 = Release|Any CPU
		{B05D69F8-6463-4276-8077-D7F3F0C02A9E}.Release|Mixed Platforms.ActiveCfg = Release|Any CPU
		{B05D69F8-6463-4276-8077-D7F3F0C02A9E}.Release|Mixed Platforms.Build.0 = Release|Any CPU
		{B05D69F8-6463-4276-8077-D7F3F0C02A9E}.Release|Win32.ActiveCfg = Release|Any CPU
		{B05D69F8-6463-4276-8077-D7F3F0C02A9E}.Release|x86.ActiveCfg = Release|Any CPU
		{E217C194-A14F-41DE-A838-C401E60ADF15}.Debug|Any CPU.ActiveCfg = Debug|Any CPU
		{E217C194-A14F-41DE-A838-C401E60ADF15}.Debug|Any CPU.Build.0 = Debug|Any CPU
		{E217C194-A14F-41DE-A838-C401E60ADF15}.Debug|Mixed Platforms.ActiveCfg = Debug|Any CPU
		{E217C194-A14F-41DE-A838-C401E60ADF15}.Debug|Mixed Platforms.Build.0 = Debug|Any CPU
		{E217C194-A14F-41DE-A838-C401E60ADF15}.Debug|Win32.ActiveCfg = Debug|Any CPU
		{E217C194-A14F-41DE-A838-C401E60ADF15}.Debug|x86.ActiveCfg = Debug|Any CPU
		{E217C194-A14F-41DE-A838-C401E60ADF15}.PublicRelease|Any CPU.ActiveCfg = PublicRelease|Any CPU
		{E217C194-A14F-41DE-A838-C401E60ADF15}.PublicRelease|Any CPU.Build.0 = PublicRelease|Any CPU
		{E217C194-A14F-41DE-A838-C401E60ADF15}.PublicRelease|Mixed Platforms.ActiveCfg = PublicRelease|Any CPU
		{E217C194-A14F-41DE-A838-C401E60ADF15}.PublicRelease|Mixed Platforms.Build.0 = PublicRelease|Any CPU
		{E217C194-A14F-41DE-A838-C401E60ADF15}.PublicRelease|Win32.ActiveCfg = PublicRelease|Any CPU
		{E217C194-A14F-41DE-A838-C401E60ADF15}.PublicRelease|x86.ActiveCfg = PublicRelease|Any CPU
		{E217C194-A14F-41DE-A838-C401E60ADF15}.Release|Any CPU.ActiveCfg = Release|Any CPU
		{E217C194-A14F-41DE-A838-C401E60ADF15}.Release|Any CPU.Build.0 = Release|Any CPU
		{E217C194-A14F-41DE-A838-C401E60ADF15}.Release|Mixed Platforms.ActiveCfg = Release|Any CPU
		{E217C194-A14F-41DE-A838-C401E60ADF15}.Release|Mixed Platforms.Build.0 = Release|Any CPU
		{E217C194-A14F-41DE-A838-C401E60ADF15}.Release|Win32.ActiveCfg = Release|Any CPU
		{E217C194-A14F-41DE-A838-C401E60ADF15}.Release|x86.ActiveCfg = Release|Any CPU
		{18F80BE1-DD03-4F78-AF02-9F61258B6720}.Debug|Any CPU.ActiveCfg = Debug|Any CPU
		{18F80BE1-DD03-4F78-AF02-9F61258B6720}.Debug|Any CPU.Build.0 = Debug|Any CPU
		{18F80BE1-DD03-4F78-AF02-9F61258B6720}.Debug|Mixed Platforms.ActiveCfg = Debug|Any CPU
		{18F80BE1-DD03-4F78-AF02-9F61258B6720}.Debug|Mixed Platforms.Build.0 = Debug|Any CPU
		{18F80BE1-DD03-4F78-AF02-9F61258B6720}.Debug|Win32.ActiveCfg = Debug|Any CPU
		{18F80BE1-DD03-4F78-AF02-9F61258B6720}.Debug|x86.ActiveCfg = Debug|Any CPU
		{18F80BE1-DD03-4F78-AF02-9F61258B6720}.PublicRelease|Any CPU.ActiveCfg = PublicRelease|Any CPU
		{18F80BE1-DD03-4F78-AF02-9F61258B6720}.PublicRelease|Any CPU.Build.0 = PublicRelease|Any CPU
		{18F80BE1-DD03-4F78-AF02-9F61258B6720}.PublicRelease|Mixed Platforms.ActiveCfg = PublicRelease|Any CPU
		{18F80BE1-DD03-4F78-AF02-9F61258B6720}.PublicRelease|Mixed Platforms.Build.0 = PublicRelease|Any CPU
		{18F80BE1-DD03-4F78-AF02-9F61258B6720}.PublicRelease|Win32.ActiveCfg = PublicRelease|Any CPU
		{18F80BE1-DD03-4F78-AF02-9F61258B6720}.PublicRelease|x86.ActiveCfg = PublicRelease|Any CPU
		{18F80BE1-DD03-4F78-AF02-9F61258B6720}.Release|Any CPU.ActiveCfg = Release|Any CPU
		{18F80BE1-DD03-4F78-AF02-9F61258B6720}.Release|Any CPU.Build.0 = Release|Any CPU
		{18F80BE1-DD03-4F78-AF02-9F61258B6720}.Release|Mixed Platforms.ActiveCfg = Release|Any CPU
		{18F80BE1-DD03-4F78-AF02-9F61258B6720}.Release|Mixed Platforms.Build.0 = Release|Any CPU
		{18F80BE1-DD03-4F78-AF02-9F61258B6720}.Release|Win32.ActiveCfg = Release|Any CPU
		{18F80BE1-DD03-4F78-AF02-9F61258B6720}.Release|x86.ActiveCfg = Release|Any CPU
		{D8592C64-2FB3-422B-A7B0-F0C62D728221}.Debug|Any CPU.ActiveCfg = Debug|Any CPU
		{D8592C64-2FB3-422B-A7B0-F0C62D728221}.Debug|Any CPU.Build.0 = Debug|Any CPU
		{D8592C64-2FB3-422B-A7B0-F0C62D728221}.Debug|Mixed Platforms.ActiveCfg = Debug|Any CPU
		{D8592C64-2FB3-422B-A7B0-F0C62D728221}.Debug|Mixed Platforms.Build.0 = Debug|Any CPU
		{D8592C64-2FB3-422B-A7B0-F0C62D728221}.Debug|Win32.ActiveCfg = Debug|Any CPU
		{D8592C64-2FB3-422B-A7B0-F0C62D728221}.Debug|Win32.Build.0 = Debug|Any CPU
		{D8592C64-2FB3-422B-A7B0-F0C62D728221}.Debug|x86.ActiveCfg = Debug|Any CPU
		{D8592C64-2FB3-422B-A7B0-F0C62D728221}.PublicRelease|Any CPU.ActiveCfg = Release|Any CPU
		{D8592C64-2FB3-422B-A7B0-F0C62D728221}.PublicRelease|Any CPU.Build.0 = Release|Any CPU
		{D8592C64-2FB3-422B-A7B0-F0C62D728221}.PublicRelease|Mixed Platforms.ActiveCfg = Debug|Any CPU
		{D8592C64-2FB3-422B-A7B0-F0C62D728221}.PublicRelease|Mixed Platforms.Build.0 = Debug|Any CPU
		{D8592C64-2FB3-422B-A7B0-F0C62D728221}.PublicRelease|Win32.ActiveCfg = Debug|Any CPU
		{D8592C64-2FB3-422B-A7B0-F0C62D728221}.PublicRelease|Win32.Build.0 = Debug|Any CPU
		{D8592C64-2FB3-422B-A7B0-F0C62D728221}.PublicRelease|x86.ActiveCfg = Release|Any CPU
		{D8592C64-2FB3-422B-A7B0-F0C62D728221}.Release|Any CPU.ActiveCfg = Release|Any CPU
		{D8592C64-2FB3-422B-A7B0-F0C62D728221}.Release|Any CPU.Build.0 = Release|Any CPU
		{D8592C64-2FB3-422B-A7B0-F0C62D728221}.Release|Mixed Platforms.ActiveCfg = Release|Any CPU
		{D8592C64-2FB3-422B-A7B0-F0C62D728221}.Release|Mixed Platforms.Build.0 = Release|Any CPU
		{D8592C64-2FB3-422B-A7B0-F0C62D728221}.Release|Win32.ActiveCfg = Release|Any CPU
		{D8592C64-2FB3-422B-A7B0-F0C62D728221}.Release|Win32.Build.0 = Release|Any CPU
		{D8592C64-2FB3-422B-A7B0-F0C62D728221}.Release|x86.ActiveCfg = Release|Any CPU
		{1F96D2F8-95A5-44B0-9631-3E0AC0669D7B}.Debug|Any CPU.ActiveCfg = Debug|Any CPU
		{1F96D2F8-95A5-44B0-9631-3E0AC0669D7B}.Debug|Any CPU.Build.0 = Debug|Any CPU
		{1F96D2F8-95A5-44B0-9631-3E0AC0669D7B}.Debug|Mixed Platforms.ActiveCfg = Debug|Any CPU
		{1F96D2F8-95A5-44B0-9631-3E0AC0669D7B}.Debug|Mixed Platforms.Build.0 = Debug|Any CPU
		{1F96D2F8-95A5-44B0-9631-3E0AC0669D7B}.Debug|Win32.ActiveCfg = Debug|Any CPU
		{1F96D2F8-95A5-44B0-9631-3E0AC0669D7B}.Debug|x86.ActiveCfg = Debug|Any CPU
		{1F96D2F8-95A5-44B0-9631-3E0AC0669D7B}.PublicRelease|Any CPU.ActiveCfg = PublicRelease|Any CPU
		{1F96D2F8-95A5-44B0-9631-3E0AC0669D7B}.PublicRelease|Any CPU.Build.0 = PublicRelease|Any CPU
		{1F96D2F8-95A5-44B0-9631-3E0AC0669D7B}.PublicRelease|Mixed Platforms.ActiveCfg = Release|Any CPU
		{1F96D2F8-95A5-44B0-9631-3E0AC0669D7B}.PublicRelease|Mixed Platforms.Build.0 = Release|Any CPU
		{1F96D2F8-95A5-44B0-9631-3E0AC0669D7B}.PublicRelease|Win32.ActiveCfg = Release|Any CPU
		{1F96D2F8-95A5-44B0-9631-3E0AC0669D7B}.PublicRelease|x86.ActiveCfg = Release|Any CPU
		{1F96D2F8-95A5-44B0-9631-3E0AC0669D7B}.Release|Any CPU.ActiveCfg = Release|Any CPU
		{1F96D2F8-95A5-44B0-9631-3E0AC0669D7B}.Release|Any CPU.Build.0 = Release|Any CPU
		{1F96D2F8-95A5-44B0-9631-3E0AC0669D7B}.Release|Mixed Platforms.ActiveCfg = Release|Any CPU
		{1F96D2F8-95A5-44B0-9631-3E0AC0669D7B}.Release|Mixed Platforms.Build.0 = Release|Any CPU
		{1F96D2F8-95A5-44B0-9631-3E0AC0669D7B}.Release|Win32.ActiveCfg = Release|Any CPU
		{1F96D2F8-95A5-44B0-9631-3E0AC0669D7B}.Release|x86.ActiveCfg = Release|Any CPU
		{D8A56807-3DAC-44EA-947C-3B232D049AC9}.Debug|Any CPU.ActiveCfg = Debug|x86
		{D8A56807-3DAC-44EA-947C-3B232D049AC9}.Debug|Any CPU.Build.0 = Debug|x86
		{D8A56807-3DAC-44EA-947C-3B232D049AC9}.Debug|Mixed Platforms.ActiveCfg = Debug|x86
		{D8A56807-3DAC-44EA-947C-3B232D049AC9}.Debug|Mixed Platforms.Build.0 = Debug|x86
		{D8A56807-3DAC-44EA-947C-3B232D049AC9}.Debug|Win32.ActiveCfg = Debug|x86
		{D8A56807-3DAC-44EA-947C-3B232D049AC9}.Debug|Win32.Build.0 = Debug|x86
		{D8A56807-3DAC-44EA-947C-3B232D049AC9}.Debug|x86.ActiveCfg = Debug|x86
		{D8A56807-3DAC-44EA-947C-3B232D049AC9}.Debug|x86.Build.0 = Debug|x86
		{D8A56807-3DAC-44EA-947C-3B232D049AC9}.PublicRelease|Any CPU.ActiveCfg = PublicRelease|x86
		{D8A56807-3DAC-44EA-947C-3B232D049AC9}.PublicRelease|Any CPU.Build.0 = PublicRelease|x86
		{D8A56807-3DAC-44EA-947C-3B232D049AC9}.PublicRelease|Mixed Platforms.ActiveCfg = Debug|x86
		{D8A56807-3DAC-44EA-947C-3B232D049AC9}.PublicRelease|Mixed Platforms.Build.0 = Debug|x86
		{D8A56807-3DAC-44EA-947C-3B232D049AC9}.PublicRelease|Win32.ActiveCfg = Debug|x86
		{D8A56807-3DAC-44EA-947C-3B232D049AC9}.PublicRelease|Win32.Build.0 = Debug|x86
		{D8A56807-3DAC-44EA-947C-3B232D049AC9}.PublicRelease|x86.ActiveCfg = Debug|x86
		{D8A56807-3DAC-44EA-947C-3B232D049AC9}.PublicRelease|x86.Build.0 = Debug|x86
		{D8A56807-3DAC-44EA-947C-3B232D049AC9}.Release|Any CPU.ActiveCfg = Release|Any CPU
		{D8A56807-3DAC-44EA-947C-3B232D049AC9}.Release|Any CPU.Build.0 = Release|Any CPU
		{D8A56807-3DAC-44EA-947C-3B232D049AC9}.Release|Mixed Platforms.ActiveCfg = Release|Any CPU
		{D8A56807-3DAC-44EA-947C-3B232D049AC9}.Release|Mixed Platforms.Build.0 = Release|Any CPU
		{D8A56807-3DAC-44EA-947C-3B232D049AC9}.Release|Win32.ActiveCfg = Release|Any CPU
		{D8A56807-3DAC-44EA-947C-3B232D049AC9}.Release|Win32.Build.0 = Release|Any CPU
		{D8A56807-3DAC-44EA-947C-3B232D049AC9}.Release|x86.ActiveCfg = Release|Any CPU
		{D8A56807-3DAC-44EA-947C-3B232D049AC9}.Release|x86.Build.0 = Release|Any CPU
		{D8592C64-2FB3-422B-A7B0-F0C62E728221}.Debug|Any CPU.ActiveCfg = Debug|Any CPU
		{D8592C64-2FB3-422B-A7B0-F0C62E728221}.Debug|Any CPU.Build.0 = Debug|Any CPU
		{D8592C64-2FB3-422B-A7B0-F0C62E728221}.Debug|Mixed Platforms.ActiveCfg = Debug|Any CPU
		{D8592C64-2FB3-422B-A7B0-F0C62E728221}.Debug|Mixed Platforms.Build.0 = Debug|Any CPU
		{D8592C64-2FB3-422B-A7B0-F0C62E728221}.Debug|Win32.ActiveCfg = Debug|Any CPU
		{D8592C64-2FB3-422B-A7B0-F0C62E728221}.Debug|Win32.Build.0 = Debug|Any CPU
		{D8592C64-2FB3-422B-A7B0-F0C62E728221}.Debug|x86.ActiveCfg = Debug|Any CPU
		{D8592C64-2FB3-422B-A7B0-F0C62E728221}.Debug|x86.Build.0 = Debug|Any CPU
		{D8592C64-2FB3-422B-A7B0-F0C62E728221}.PublicRelease|Any CPU.ActiveCfg = PublicRelease|Any CPU
		{D8592C64-2FB3-422B-A7B0-F0C62E728221}.PublicRelease|Any CPU.Build.0 = PublicRelease|Any CPU
		{D8592C64-2FB3-422B-A7B0-F0C62E728221}.PublicRelease|Mixed Platforms.ActiveCfg = Debug|Any CPU
		{D8592C64-2FB3-422B-A7B0-F0C62E728221}.PublicRelease|Mixed Platforms.Build.0 = Debug|Any CPU
		{D8592C64-2FB3-422B-A7B0-F0C62E728221}.PublicRelease|Win32.ActiveCfg = Debug|Any CPU
		{D8592C64-2FB3-422B-A7B0-F0C62E728221}.PublicRelease|Win32.Build.0 = Debug|Any CPU
		{D8592C64-2FB3-422B-A7B0-F0C62E728221}.PublicRelease|x86.ActiveCfg = Debug|Any CPU
		{D8592C64-2FB3-422B-A7B0-F0C62E728221}.PublicRelease|x86.Build.0 = Debug|Any CPU
		{D8592C64-2FB3-422B-A7B0-F0C62E728221}.Release|Any CPU.ActiveCfg = Release|Any CPU
		{D8592C64-2FB3-422B-A7B0-F0C62E728221}.Release|Any CPU.Build.0 = Release|Any CPU
		{D8592C64-2FB3-422B-A7B0-F0C62E728221}.Release|Mixed Platforms.ActiveCfg = Release|Any CPU
		{D8592C64-2FB3-422B-A7B0-F0C62E728221}.Release|Mixed Platforms.Build.0 = Release|Any CPU
		{D8592C64-2FB3-422B-A7B0-F0C62E728221}.Release|Win32.ActiveCfg = Release|Any CPU
		{D8592C64-2FB3-422B-A7B0-F0C62E728221}.Release|Win32.Build.0 = Release|Any CPU
		{D8592C64-2FB3-422B-A7B0-F0C62E728221}.Release|x86.ActiveCfg = Release|Any CPU
		{D8592C64-2FB3-422B-A7B0-F0C62E728221}.Release|x86.Build.0 = Release|Any CPU
		{75CA7304-5CC0-48B0-B40C-1E2E5E891F2B}.Debug|Any CPU.ActiveCfg = Debug|Any CPU
		{75CA7304-5CC0-48B0-B40C-1E2E5E891F2B}.Debug|Any CPU.Build.0 = Debug|Any CPU
		{75CA7304-5CC0-48B0-B40C-1E2E5E891F2B}.Debug|Mixed Platforms.ActiveCfg = Debug|Any CPU
		{75CA7304-5CC0-48B0-B40C-1E2E5E891F2B}.Debug|Mixed Platforms.Build.0 = Debug|Any CPU
		{75CA7304-5CC0-48B0-B40C-1E2E5E891F2B}.Debug|Win32.ActiveCfg = Debug|Any CPU
		{75CA7304-5CC0-48B0-B40C-1E2E5E891F2B}.Debug|x86.ActiveCfg = Debug|Any CPU
		{75CA7304-5CC0-48B0-B40C-1E2E5E891F2B}.PublicRelease|Any CPU.ActiveCfg = PublicRelease|Any CPU
		{75CA7304-5CC0-48B0-B40C-1E2E5E891F2B}.PublicRelease|Any CPU.Build.0 = PublicRelease|Any CPU
		{75CA7304-5CC0-48B0-B40C-1E2E5E891F2B}.PublicRelease|Mixed Platforms.ActiveCfg = Release|Any CPU
		{75CA7304-5CC0-48B0-B40C-1E2E5E891F2B}.PublicRelease|Mixed Platforms.Build.0 = Release|Any CPU
		{75CA7304-5CC0-48B0-B40C-1E2E5E891F2B}.PublicRelease|Win32.ActiveCfg = Release|Any CPU
		{75CA7304-5CC0-48B0-B40C-1E2E5E891F2B}.PublicRelease|x86.ActiveCfg = Release|Any CPU
		{75CA7304-5CC0-48B0-B40C-1E2E5E891F2B}.Release|Any CPU.ActiveCfg = Release|Any CPU
		{75CA7304-5CC0-48B0-B40C-1E2E5E891F2B}.Release|Any CPU.Build.0 = Release|Any CPU
		{75CA7304-5CC0-48B0-B40C-1E2E5E891F2B}.Release|Mixed Platforms.ActiveCfg = Release|Any CPU
		{75CA7304-5CC0-48B0-B40C-1E2E5E891F2B}.Release|Mixed Platforms.Build.0 = Release|Any CPU
		{75CA7304-5CC0-48B0-B40C-1E2E5E891F2B}.Release|Win32.ActiveCfg = Release|Any CPU
		{75CA7304-5CC0-48B0-B40C-1E2E5E891F2B}.Release|x86.ActiveCfg = Release|Any CPU
	EndGlobalSection
	GlobalSection(SolutionProperties) = preSolution
		HideSolutionNode = FALSE
	EndGlobalSection
	GlobalSection(MonoDevelopProperties) = preSolution
		StartupItem = Simulation\Simulation.csproj
	EndGlobalSection
EndGlobal
