// !$*UTF8*$!
{
	archiveVersion = 1;
	classes = {
	};
	objectVersion = 45;
	objects = {

/* Begin PBXBuildFile section */
		01238FCE1636E74F00A7AA8D /* ConnectionValidator.mm in Sources */ = {isa = PBXBuildFile; fileRef = 01238FCD1636E74E00A7AA8D /* ConnectionValidator.mm */; };
		0171DB1015F1200100093F17 /* CocoaApp.h in Headers */ = {isa = PBXBuildFile; fileRef = 0171DB0A15F1200000093F17 /* CocoaApp.h */; };
		0171DB1115F1200100093F17 /* CocoaView.h in Headers */ = {isa = PBXBuildFile; fileRef = 0171DB0B15F1200000093F17 /* CocoaView.h */; };
		0171DB1215F1200100093F17 /* CocoaWindow.h in Headers */ = {isa = PBXBuildFile; fileRef = 0171DB0C15F1200000093F17 /* CocoaWindow.h */; };
		0171DB1315F1200100093F17 /* CocoaWindowDelegate.h in Headers */ = {isa = PBXBuildFile; fileRef = 0171DB0D15F1200000093F17 /* CocoaWindowDelegate.h */; };
		0171DB1415F1200100093F17 /* KeyboardButtonCode.h in Headers */ = {isa = PBXBuildFile; fileRef = 0171DB0E15F1200100093F17 /* KeyboardButtonCode.h */; };
		0171DB1515F1200100093F17 /* MouseButtonCode.h in Headers */ = {isa = PBXBuildFile; fileRef = 0171DB0F15F1200100093F17 /* MouseButtonCode.h */; };
		0171DB1A15F1235B00093F17 /* CocoaApp.mm in Sources */ = {isa = PBXBuildFile; fileRef = 0171DB1615F1235A00093F17 /* CocoaApp.mm */; };
		0171DB1B15F1235B00093F17 /* CocoaView.mm in Sources */ = {isa = PBXBuildFile; fileRef = 0171DB1715F1235B00093F17 /* CocoaView.mm */; };
		0171DB1C15F1235B00093F17 /* CocoaWindow.mm in Sources */ = {isa = PBXBuildFile; fileRef = 0171DB1815F1235B00093F17 /* CocoaWindow.mm */; };
		0171DB1D15F1235B00093F17 /* CocoaWindowDelegate.mm in Sources */ = {isa = PBXBuildFile; fileRef = 0171DB1915F1235B00093F17 /* CocoaWindowDelegate.mm */; };
		0171DB2015F1344300093F17 /* CocoaIdleApplication.mm in Sources */ = {isa = PBXBuildFile; fileRef = 0171DB1F15F1344200093F17 /* CocoaIdleApplication.mm */; };
		0171DB2B15F1447F00093F17 /* SystemInfo.mm in Sources */ = {isa = PBXBuildFile; fileRef = 0171DB2A15F1447F00093F17 /* SystemInfo.mm */; };
		0171DB3C15F8C95000093F17 /* CocoaDialogs.mm in Sources */ = {isa = PBXBuildFile; fileRef = 0171DB3B15F8C95000093F17 /* CocoaDialogs.mm */; };
		0171DB4615F905CE00093F17 /* NativeDialog.h in Headers */ = {isa = PBXBuildFile; fileRef = 0171DB4515F905CE00093F17 /* NativeDialog.h */; };
		0171DB4D15FA4ECC00093F17 /* CocoaIdleApplicationDelegate.mm in Sources */ = {isa = PBXBuildFile; fileRef = 0171DB4C15FA4ECB00093F17 /* CocoaIdleApplicationDelegate.mm */; };
		0171DB5C15FA73EF00093F17 /* NativeKeyboard.h in Headers */ = {isa = PBXBuildFile; fileRef = 0171DB5A15FA73EF00093F17 /* NativeKeyboard.h */; };
		0171DB5D15FA73EF00093F17 /* NativeMouse.h in Headers */ = {isa = PBXBuildFile; fileRef = 0171DB5B15FA73EF00093F17 /* NativeMouse.h */; };
		0171DB6015FA73FE00093F17 /* NativeKeyboard.cpp in Sources */ = {isa = PBXBuildFile; fileRef = 0171DB5E15FA73FE00093F17 /* NativeKeyboard.cpp */; };
		0171DB6115FA73FE00093F17 /* NativeMouse.cpp in Sources */ = {isa = PBXBuildFile; fileRef = 0171DB5F15FA73FE00093F17 /* NativeMouse.cpp */; };
		01A7B05316CD4C5B0092E07F /* NativeLog.h in Headers */ = {isa = PBXBuildFile; fileRef = 01A7B05216CD4C5B0092E07F /* NativeLog.h */; };
		01A7B05716CD4C6F0092E07F /* ManagedLogListener.cpp in Sources */ = {isa = PBXBuildFile; fileRef = 01A7B05516CD4C6F0092E07F /* ManagedLogListener.cpp */; };
		01A7B05816CD4C6F0092E07F /* NativeLog.cpp in Sources */ = {isa = PBXBuildFile; fileRef = 01A7B05616CD4C6F0092E07F /* NativeLog.cpp */; };
		01AC143D162F2DC700311248 /* MessageDialog.mm in Sources */ = {isa = PBXBuildFile; fileRef = 01AC143C162F2DC700311248 /* MessageDialog.mm */; };
		01C7D2571357723E0027AC32 /* App.h in Headers */ = {isa = PBXBuildFile; fileRef = 01C7D22C1357723E0027AC32 /* App.h */; };
		01C7D25D1357723E0027AC32 /* MultiTouch.h in Headers */ = {isa = PBXBuildFile; fileRef = 01C7D2321357723E0027AC32 /* MultiTouch.h */; };
		01C7D25E1357723E0027AC32 /* MultiTouchImpl.h in Headers */ = {isa = PBXBuildFile; fileRef = 01C7D2331357723E0027AC32 /* MultiTouchImpl.h */; };
		01C7D25F1357723E0027AC32 /* NativeOSWindow.h in Headers */ = {isa = PBXBuildFile; fileRef = 01C7D2341357723E0027AC32 /* NativeOSWindow.h */; };
		01C7D2631357723E0027AC32 /* PerformanceCounter.h in Headers */ = {isa = PBXBuildFile; fileRef = 01C7D2381357723E0027AC32 /* PerformanceCounter.h */; };
		01C7D2661357723E0027AC32 /* App.cpp in Sources */ = {isa = PBXBuildFile; fileRef = 01C7D23C1357723E0027AC32 /* App.cpp */; };
		01C7D2711357723E0027AC32 /* MultiTouch.cpp in Sources */ = {isa = PBXBuildFile; fileRef = 01C7D2471357723E0027AC32 /* MultiTouch.cpp */; };
		01C7D2751357723E0027AC32 /* NativeOSWindow.cpp in Sources */ = {isa = PBXBuildFile; fileRef = 01C7D24B1357723E0027AC32 /* NativeOSWindow.cpp */; };
		01C7D2791357723E0027AC32 /* PerformanceCounter.cpp in Sources */ = {isa = PBXBuildFile; fileRef = 01C7D24F1357723E0027AC32 /* PerformanceCounter.cpp */; };
		01C7D27A1357723E0027AC32 /* PlatformConfig.cpp in Sources */ = {isa = PBXBuildFile; fileRef = 01C7D2501357723E0027AC32 /* PlatformConfig.cpp */; };
		01C7D27F1357723E0027AC32 /* Stdafx.cpp in Sources */ = {isa = PBXBuildFile; fileRef = 01C7D2551357723E0027AC32 /* Stdafx.cpp */; };
		01C7D2801357723E0027AC32 /* Stdafx.h in Headers */ = {isa = PBXBuildFile; fileRef = 01C7D2561357723E0027AC32 /* Stdafx.h */; };
		01C908B61795C95F0018C959 /* Security.framework in Frameworks */ = {isa = PBXBuildFile; fileRef = 01C908B51795C95F0018C959 /* Security.framework */; };
/* End PBXBuildFile section */

/* Begin PBXFileReference section */
		01238FCD1636E74E00A7AA8D /* ConnectionValidator.mm */ = {isa = PBXFileReference; fileEncoding = 4; lastKnownFileType = sourcecode.cpp.objcpp; path = ConnectionValidator.mm; sourceTree = "<group>"; };
		0171DB0A15F1200000093F17 /* CocoaApp.h */ = {isa = PBXFileReference; fileEncoding = 4; lastKnownFileType = sourcecode.c.h; path = CocoaApp.h; sourceTree = "<group>"; };
		0171DB0B15F1200000093F17 /* CocoaView.h */ = {isa = PBXFileReference; fileEncoding = 4; lastKnownFileType = sourcecode.c.h; path = CocoaView.h; sourceTree = "<group>"; };
		0171DB0C15F1200000093F17 /* CocoaWindow.h */ = {isa = PBXFileReference; fileEncoding = 4; lastKnownFileType = sourcecode.c.h; path = CocoaWindow.h; sourceTree = "<group>"; };
		0171DB0D15F1200000093F17 /* CocoaWindowDelegate.h */ = {isa = PBXFileReference; fileEncoding = 4; lastKnownFileType = sourcecode.c.h; path = CocoaWindowDelegate.h; sourceTree = "<group>"; };
		0171DB0E15F1200100093F17 /* KeyboardButtonCode.h */ = {isa = PBXFileReference; fileEncoding = 4; lastKnownFileType = sourcecode.c.h; path = KeyboardButtonCode.h; sourceTree = "<group>"; };
		0171DB0F15F1200100093F17 /* MouseButtonCode.h */ = {isa = PBXFileReference; fileEncoding = 4; lastKnownFileType = sourcecode.c.h; path = MouseButtonCode.h; sourceTree = "<group>"; };
		0171DB1615F1235A00093F17 /* CocoaApp.mm */ = {isa = PBXFileReference; fileEncoding = 4; lastKnownFileType = sourcecode.cpp.objcpp; path = CocoaApp.mm; sourceTree = "<group>"; };
		0171DB1715F1235B00093F17 /* CocoaView.mm */ = {isa = PBXFileReference; fileEncoding = 4; lastKnownFileType = sourcecode.cpp.objcpp; path = CocoaView.mm; sourceTree = "<group>"; };
		0171DB1815F1235B00093F17 /* CocoaWindow.mm */ = {isa = PBXFileReference; fileEncoding = 4; lastKnownFileType = sourcecode.cpp.objcpp; path = CocoaWindow.mm; sourceTree = "<group>"; };
		0171DB1915F1235B00093F17 /* CocoaWindowDelegate.mm */ = {isa = PBXFileReference; fileEncoding = 4; lastKnownFileType = sourcecode.cpp.objcpp; path = CocoaWindowDelegate.mm; sourceTree = "<group>"; };
		0171DB1E15F1341A00093F17 /* CocoaIdleApplication.h */ = {isa = PBXFileReference; lastKnownFileType = sourcecode.c.h; path = CocoaIdleApplication.h; sourceTree = "<group>"; };
		0171DB1F15F1344200093F17 /* CocoaIdleApplication.mm */ = {isa = PBXFileReference; fileEncoding = 4; lastKnownFileType = sourcecode.cpp.objcpp; path = CocoaIdleApplication.mm; sourceTree = "<group>"; };
		0171DB2A15F1447F00093F17 /* SystemInfo.mm */ = {isa = PBXFileReference; fileEncoding = 4; lastKnownFileType = sourcecode.cpp.objcpp; path = SystemInfo.mm; sourceTree = "<group>"; };
		0171DB3B15F8C95000093F17 /* CocoaDialogs.mm */ = {isa = PBXFileReference; fileEncoding = 4; lastKnownFileType = sourcecode.cpp.objcpp; path = CocoaDialogs.mm; sourceTree = "<group>"; };
		0171DB4515F905CE00093F17 /* NativeDialog.h */ = {isa = PBXFileReference; fileEncoding = 4; lastKnownFileType = sourcecode.c.h; path = NativeDialog.h; sourceTree = "<group>"; };
		0171DB4B15FA4EAD00093F17 /* CocoaIdleApplicationDelegate.h */ = {isa = PBXFileReference; lastKnownFileType = sourcecode.c.h; path = CocoaIdleApplicationDelegate.h; sourceTree = "<group>"; };
		0171DB4C15FA4ECB00093F17 /* CocoaIdleApplicationDelegate.mm */ = {isa = PBXFileReference; fileEncoding = 4; lastKnownFileType = sourcecode.cpp.objcpp; path = CocoaIdleApplicationDelegate.mm; sourceTree = "<group>"; };
		0171DB5A15FA73EF00093F17 /* NativeKeyboard.h */ = {isa = PBXFileReference; fileEncoding = 4; lastKnownFileType = sourcecode.c.h; path = NativeKeyboard.h; sourceTree = "<group>"; };
		0171DB5B15FA73EF00093F17 /* NativeMouse.h */ = {isa = PBXFileReference; fileEncoding = 4; lastKnownFileType = sourcecode.c.h; path = NativeMouse.h; sourceTree = "<group>"; };
		0171DB5E15FA73FE00093F17 /* NativeKeyboard.cpp */ = {isa = PBXFileReference; fileEncoding = 4; lastKnownFileType = sourcecode.cpp.cpp; path = NativeKeyboard.cpp; sourceTree = "<group>"; };
		0171DB5F15FA73FE00093F17 /* NativeMouse.cpp */ = {isa = PBXFileReference; fileEncoding = 4; lastKnownFileType = sourcecode.cpp.cpp; path = NativeMouse.cpp; sourceTree = "<group>"; };
		01A7B05216CD4C5B0092E07F /* NativeLog.h */ = {isa = PBXFileReference; fileEncoding = 4; lastKnownFileType = sourcecode.c.h; path = NativeLog.h; sourceTree = "<group>"; };
		01A7B05516CD4C6F0092E07F /* ManagedLogListener.cpp */ = {isa = PBXFileReference; fileEncoding = 4; lastKnownFileType = sourcecode.cpp.cpp; path = ManagedLogListener.cpp; sourceTree = "<group>"; };
		01A7B05616CD4C6F0092E07F /* NativeLog.cpp */ = {isa = PBXFileReference; fileEncoding = 4; lastKnownFileType = sourcecode.cpp.cpp; path = NativeLog.cpp; sourceTree = "<group>"; };
		01AC143C162F2DC700311248 /* MessageDialog.mm */ = {isa = PBXFileReference; fileEncoding = 4; lastKnownFileType = sourcecode.cpp.objcpp; path = MessageDialog.mm; sourceTree = "<group>"; };
		01C7D22C1357723E0027AC32 /* App.h */ = {isa = PBXFileReference; fileEncoding = 4; lastKnownFileType = sourcecode.c.h; path = App.h; sourceTree = "<group>"; };
		01C7D2321357723E0027AC32 /* MultiTouch.h */ = {isa = PBXFileReference; fileEncoding = 4; lastKnownFileType = sourcecode.c.h; path = MultiTouch.h; sourceTree = "<group>"; };
		01C7D2331357723E0027AC32 /* MultiTouchImpl.h */ = {isa = PBXFileReference; fileEncoding = 4; lastKnownFileType = sourcecode.c.h; path = MultiTouchImpl.h; sourceTree = "<group>"; };
		01C7D2341357723E0027AC32 /* NativeOSWindow.h */ = {isa = PBXFileReference; fileEncoding = 4; lastKnownFileType = sourcecode.c.h; path = NativeOSWindow.h; sourceTree = "<group>"; };
		01C7D2381357723E0027AC32 /* PerformanceCounter.h */ = {isa = PBXFileReference; fileEncoding = 4; lastKnownFileType = sourcecode.c.h; path = PerformanceCounter.h; sourceTree = "<group>"; };
		01C7D23C1357723E0027AC32 /* App.cpp */ = {isa = PBXFileReference; fileEncoding = 4; lastKnownFileType = sourcecode.cpp.cpp; path = App.cpp; sourceTree = "<group>"; };
		01C7D2471357723E0027AC32 /* MultiTouch.cpp */ = {isa = PBXFileReference; fileEncoding = 4; lastKnownFileType = sourcecode.cpp.cpp; path = MultiTouch.cpp; sourceTree = "<group>"; };
		01C7D24B1357723E0027AC32 /* NativeOSWindow.cpp */ = {isa = PBXFileReference; fileEncoding = 4; lastKnownFileType = sourcecode.cpp.cpp; path = NativeOSWindow.cpp; sourceTree = "<group>"; };
		01C7D24F1357723E0027AC32 /* PerformanceCounter.cpp */ = {isa = PBXFileReference; fileEncoding = 4; lastKnownFileType = sourcecode.cpp.cpp; path = PerformanceCounter.cpp; sourceTree = "<group>"; };
		01C7D2501357723E0027AC32 /* PlatformConfig.cpp */ = {isa = PBXFileReference; fileEncoding = 4; lastKnownFileType = sourcecode.cpp.cpp; path = PlatformConfig.cpp; sourceTree = "<group>"; };
		01C7D2551357723E0027AC32 /* Stdafx.cpp */ = {isa = PBXFileReference; fileEncoding = 4; lastKnownFileType = sourcecode.cpp.cpp; name = Stdafx.cpp; path = ../Stdafx.cpp; sourceTree = SOURCE_ROOT; };
		01C7D2561357723E0027AC32 /* Stdafx.h */ = {isa = PBXFileReference; fileEncoding = 4; lastKnownFileType = sourcecode.c.h; name = Stdafx.h; path = ../Stdafx.h; sourceTree = SOURCE_ROOT; };
		01C908B51795C95F0018C959 /* Security.framework */ = {isa = PBXFileReference; lastKnownFileType = wrapper.framework; name = Security.framework; path = System/Library/Frameworks/Security.framework; sourceTree = SDKROOT; };
		5073E0C609E734A800EC74B6 /* OSHelperProj.xcconfig */ = {isa = PBXFileReference; fileEncoding = 30; lastKnownFileType = text.xcconfig; path = OSHelperProj.xcconfig; sourceTree = "<group>"; };
		5073E0C709E734A800EC74B6 /* OSHelperTarget.xcconfig */ = {isa = PBXFileReference; fileEncoding = 30; lastKnownFileType = text.xcconfig; path = OSHelperTarget.xcconfig; sourceTree = "<group>"; };
		D2AAC09D05546B4700DB518D /* libOSHelper.dylib */ = {isa = PBXFileReference; explicitFileType = "compiled.mach-o.dylib"; includeInIndex = 0; path = libOSHelper.dylib; sourceTree = BUILT_PRODUCTS_DIR; };
/* End PBXFileReference section */

/* Begin PBXFrameworksBuildPhase section */
		D2AAC09B05546B4700DB518D /* Frameworks */ = {
			isa = PBXFrameworksBuildPhase;
			buildActionMask = 2147483647;
			files = (
				01C908B61795C95F0018C959 /* Security.framework in Frameworks */,
			);
			runOnlyForDeploymentPostprocessing = 0;
		};
/* End PBXFrameworksBuildPhase section */

/* Begin PBXGroup section */
		01C7D22B1357723E0027AC32 /* Include */ = {
			isa = PBXGroup;
			children = (
				01A7B05216CD4C5B0092E07F /* NativeLog.h */,
				0171DB5A15FA73EF00093F17 /* NativeKeyboard.h */,
				0171DB5B15FA73EF00093F17 /* NativeMouse.h */,
				0171DB4515F905CE00093F17 /* NativeDialog.h */,
				0171DB0A15F1200000093F17 /* CocoaApp.h */,
				0171DB0B15F1200000093F17 /* CocoaView.h */,
				0171DB0C15F1200000093F17 /* CocoaWindow.h */,
				0171DB0D15F1200000093F17 /* CocoaWindowDelegate.h */,
				0171DB1E15F1341A00093F17 /* CocoaIdleApplication.h */,
				0171DB4B15FA4EAD00093F17 /* CocoaIdleApplicationDelegate.h */,
				0171DB0E15F1200100093F17 /* KeyboardButtonCode.h */,
				0171DB0F15F1200100093F17 /* MouseButtonCode.h */,
				01C7D22C1357723E0027AC32 /* App.h */,
				01C7D2321357723E0027AC32 /* MultiTouch.h */,
				01C7D2331357723E0027AC32 /* MultiTouchImpl.h */,
				01C7D2341357723E0027AC32 /* NativeOSWindow.h */,
				01C7D2381357723E0027AC32 /* PerformanceCounter.h */,
			);
			name = Include;
			path = ../Include;
			sourceTree = SOURCE_ROOT;
		};
		01C7D23B1357723E0027AC32 /* Src */ = {
			isa = PBXGroup;
			children = (
				01A7B05516CD4C6F0092E07F /* ManagedLogListener.cpp */,
				01A7B05616CD4C6F0092E07F /* NativeLog.cpp */,
				0171DB5E15FA73FE00093F17 /* NativeKeyboard.cpp */,
				0171DB5F15FA73FE00093F17 /* NativeMouse.cpp */,
				0171DB1615F1235A00093F17 /* CocoaApp.mm */,
				0171DB1715F1235B00093F17 /* CocoaView.mm */,
				0171DB1815F1235B00093F17 /* CocoaWindow.mm */,
				0171DB1915F1235B00093F17 /* CocoaWindowDelegate.mm */,
				0171DB1F15F1344200093F17 /* CocoaIdleApplication.mm */,
				0171DB4C15FA4ECB00093F17 /* CocoaIdleApplicationDelegate.mm */,
				0171DB3B15F8C95000093F17 /* CocoaDialogs.mm */,
				01C7D23C1357723E0027AC32 /* App.cpp */,
				01C7D2471357723E0027AC32 /* MultiTouch.cpp */,
				01C7D24B1357723E0027AC32 /* NativeOSWindow.cpp */,
				01C7D24F1357723E0027AC32 /* PerformanceCounter.cpp */,
				01C7D2501357723E0027AC32 /* PlatformConfig.cpp */,
				0171DB2A15F1447F00093F17 /* SystemInfo.mm */,
				01AC143C162F2DC700311248 /* MessageDialog.mm */,
				01238FCD1636E74E00A7AA8D /* ConnectionValidator.mm */,
			);
			name = Src;
			path = ../Src;
			sourceTree = SOURCE_ROOT;
		};
		034768DDFF38A45A11DB9C8B /* Products */ = {
			isa = PBXGroup;
			children = (
				D2AAC09D05546B4700DB518D /* libOSHelper.dylib */,
			);
			name = Products;
			sourceTree = "<group>";
		};
		0867D691FE84028FC02AAC07 /* OSHelper */ = {
			isa = PBXGroup;
			children = (
				01C908B51795C95F0018C959 /* Security.framework */,
				01C7D22B1357723E0027AC32 /* Include */,
				01C7D23B1357723E0027AC32 /* Src */,
				01C7D2551357723E0027AC32 /* Stdafx.cpp */,
				01C7D2561357723E0027AC32 /* Stdafx.h */,
				5073E0CA09E734BC00EC74B6 /* Configuration Files */,
				0867D69AFE84028FC02AAC07 /* External Frameworks and Libraries */,
				034768DDFF38A45A11DB9C8B /* Products */,
			);
			name = OSHelper;
			sourceTree = "<group>";
		};
		0867D69AFE84028FC02AAC07 /* External Frameworks and Libraries */ = {
			isa = PBXGroup;
			children = (
			);
			name = "External Frameworks and Libraries";
			sourceTree = "<group>";
		};
		5073E0CA09E734BC00EC74B6 /* Configuration Files */ = {
			isa = PBXGroup;
			children = (
				5073E0C609E734A800EC74B6 /* OSHelperProj.xcconfig */,
				5073E0C709E734A800EC74B6 /* OSHelperTarget.xcconfig */,
			);
			name = "Configuration Files";
			sourceTree = "<group>";
		};
/* End PBXGroup section */

/* Begin PBXHeadersBuildPhase section */
		D2AAC09905546B4700DB518D /* Headers */ = {
			isa = PBXHeadersBuildPhase;
			buildActionMask = 2147483647;
			files = (
				01C7D2571357723E0027AC32 /* App.h in Headers */,
				01C7D25D1357723E0027AC32 /* MultiTouch.h in Headers */,
				01C7D25E1357723E0027AC32 /* MultiTouchImpl.h in Headers */,
				01C7D25F1357723E0027AC32 /* NativeOSWindow.h in Headers */,
				01C7D2631357723E0027AC32 /* PerformanceCounter.h in Headers */,
				01C7D2801357723E0027AC32 /* Stdafx.h in Headers */,
				0171DB1015F1200100093F17 /* CocoaApp.h in Headers */,
				0171DB1115F1200100093F17 /* CocoaView.h in Headers */,
				0171DB1215F1200100093F17 /* CocoaWindow.h in Headers */,
				0171DB1315F1200100093F17 /* CocoaWindowDelegate.h in Headers */,
				0171DB1415F1200100093F17 /* KeyboardButtonCode.h in Headers */,
				0171DB1515F1200100093F17 /* MouseButtonCode.h in Headers */,
				0171DB4615F905CE00093F17 /* NativeDialog.h in Headers */,
				0171DB5C15FA73EF00093F17 /* NativeKeyboard.h in Headers */,
				0171DB5D15FA73EF00093F17 /* NativeMouse.h in Headers */,
				01A7B05316CD4C5B0092E07F /* NativeLog.h in Headers */,
			);
			runOnlyForDeploymentPostprocessing = 0;
		};
/* End PBXHeadersBuildPhase section */

/* Begin PBXNativeTarget section */
		D2AAC09C05546B4700DB518D /* OSHelper */ = {
			isa = PBXNativeTarget;
			buildConfigurationList = 1DEB916008733D950010E9CD /* Build configuration list for PBXNativeTarget "OSHelper" */;
			buildPhases = (
				D2AAC09905546B4700DB518D /* Headers */,
				D2AAC09B05546B4700DB518D /* Frameworks */,
				D2AAC09A05546B4700DB518D /* Sources */,
			);
			buildRules = (
			);
			dependencies = (
			);
			name = OSHelper;
			productName = libOSHelper;
			productReference = D2AAC09D05546B4700DB518D /* libOSHelper.dylib */;
			productType = "com.apple.product-type.library.dynamic";
		};
/* End PBXNativeTarget section */

/* Begin PBXProject section */
		0867D690FE84028FC02AAC07 /* Project object */ = {
			isa = PBXProject;
			attributes = {
			};
			buildConfigurationList = 1DEB916408733D950010E9CD /* Build configuration list for PBXProject "OSHelper" */;
			compatibilityVersion = "Xcode 3.1";
			developmentRegion = English;
			hasScannedForEncodings = 1;
			knownRegions = (
				English,
				Japanese,
				French,
				German,
			);
			mainGroup = 0867D691FE84028FC02AAC07 /* OSHelper */;
			productRefGroup = 034768DDFF38A45A11DB9C8B /* Products */;
			projectDirPath = "";
			projectRoot = "";
			targets = (
				D2AAC09C05546B4700DB518D /* OSHelper */,
			);
		};
/* End PBXProject section */

/* Begin PBXSourcesBuildPhase section */
		D2AAC09A05546B4700DB518D /* Sources */ = {
			isa = PBXSourcesBuildPhase;
			buildActionMask = 2147483647;
			files = (
				01C7D2661357723E0027AC32 /* App.cpp in Sources */,
				01C7D2711357723E0027AC32 /* MultiTouch.cpp in Sources */,
				01C7D2751357723E0027AC32 /* NativeOSWindow.cpp in Sources */,
				01C7D2791357723E0027AC32 /* PerformanceCounter.cpp in Sources */,
				01C7D27A1357723E0027AC32 /* PlatformConfig.cpp in Sources */,
				01C7D27F1357723E0027AC32 /* Stdafx.cpp in Sources */,
				0171DB1A15F1235B00093F17 /* CocoaApp.mm in Sources */,
				0171DB1B15F1235B00093F17 /* CocoaView.mm in Sources */,
				0171DB1C15F1235B00093F17 /* CocoaWindow.mm in Sources */,
				0171DB1D15F1235B00093F17 /* CocoaWindowDelegate.mm in Sources */,
				0171DB2015F1344300093F17 /* CocoaIdleApplication.mm in Sources */,
				0171DB2B15F1447F00093F17 /* SystemInfo.mm in Sources */,
				0171DB3C15F8C95000093F17 /* CocoaDialogs.mm in Sources */,
				0171DB4D15FA4ECC00093F17 /* CocoaIdleApplicationDelegate.mm in Sources */,
				0171DB6015FA73FE00093F17 /* NativeKeyboard.cpp in Sources */,
				0171DB6115FA73FE00093F17 /* NativeMouse.cpp in Sources */,
				01AC143D162F2DC700311248 /* MessageDialog.mm in Sources */,
				01238FCE1636E74F00A7AA8D /* ConnectionValidator.mm in Sources */,
				01A7B05716CD4C6F0092E07F /* ManagedLogListener.cpp in Sources */,
				01A7B05816CD4C6F0092E07F /* NativeLog.cpp in Sources */,
			);
			runOnlyForDeploymentPostprocessing = 0;
		};
/* End PBXSourcesBuildPhase section */

/* Begin XCBuildConfiguration section */
		1DEB916108733D950010E9CD /* Debug */ = {
			isa = XCBuildConfiguration;
			baseConfigurationReference = 5073E0C709E734A800EC74B6 /* OSHelperTarget.xcconfig */;
			buildSettings = {
				ALWAYS_SEARCH_USER_PATHS = NO;
				COPY_PHASE_STRIP = NO;
				GCC_DYNAMIC_NO_PIC = NO;
				GCC_ENABLE_FIX_AND_CONTINUE = YES;
				GCC_MODEL_TUNING = G5;
				GCC_OPTIMIZATION_LEVEL = 0;
				GCC_PRECOMPILE_PREFIX_HEADER = YES;
				GCC_PREFIX_HEADER = ../Stdafx.h;
				OTHER_CFLAGS = "";
				OTHER_LDFLAGS = (
					"-framework",
					IOKit,
					"-framework",
					Cocoa,
					"-framework",
					System,
				);
			};
			name = Debug;
		};
		1DEB916208733D950010E9CD /* Release */ = {
			isa = XCBuildConfiguration;
			baseConfigurationReference = 5073E0C709E734A800EC74B6 /* OSHelperTarget.xcconfig */;
			buildSettings = {
				ALWAYS_SEARCH_USER_PATHS = NO;
				DEBUG_INFORMATION_FORMAT = "dwarf-with-dsym";
				GCC_MODEL_TUNING = G5;
				GCC_PRECOMPILE_PREFIX_HEADER = YES;
				GCC_PREFIX_HEADER = ../Stdafx.h;
				OTHER_CFLAGS = "";
				OTHER_LDFLAGS = (
					"-framework",
					IOKit,
					"-framework",
					Cocoa,
					"-framework",
					System,
				);
				STRIP_INSTALLED_PRODUCT = YES;
				STRIP_STYLE = "non-global";
			};
			name = Release;
		};
		1DEB916508733D950010E9CD /* Debug */ = {
			isa = XCBuildConfiguration;
			baseConfigurationReference = 5073E0C609E734A800EC74B6 /* OSHelperProj.xcconfig */;
			buildSettings = {
				ARCHS = "$(ARCHS_STANDARD_32_BIT)";
				CLANG_ENABLE_OBJC_ARC = NO;
				GCC_C_LANGUAGE_STANDARD = gnu99;
				GCC_OPTIMIZATION_LEVEL = 0;
				GCC_PREFIX_HEADER = ../Stdafx.h;
				GCC_PREPROCESSOR_DEFINITIONS = MAC_OSX;
				GCC_WARN_ABOUT_RETURN_TYPE = YES;
				GCC_WARN_UNUSED_VARIABLE = YES;
				HEADER_SEARCH_PATHS = "";
				MACOSX_DEPLOYMENT_TARGET = 10.7;
				ONLY_ACTIVE_ARCH = NO;
				PREBINDING = NO;
				SDKROOT = macosx;
				VALID_ARCHS = "i386 x86_64";
			};
			name = Debug;
		};
		1DEB916608733D950010E9CD /* Release */ = {
			isa = XCBuildConfiguration;
			baseConfigurationReference = 5073E0C609E734A800EC74B6 /* OSHelperProj.xcconfig */;
			buildSettings = {
				ARCHS = "$(ARCHS_STANDARD_32_BIT)";
				CLANG_ENABLE_OBJC_ARC = NO;
				GCC_C_LANGUAGE_STANDARD = gnu99;
				GCC_PREFIX_HEADER = ../Stdafx.h;
				GCC_PREPROCESSOR_DEFINITIONS = MAC_OSX;
				GCC_WARN_ABOUT_RETURN_TYPE = YES;
				GCC_WARN_UNUSED_VARIABLE = YES;
				HEADER_SEARCH_PATHS = "";
				MACOSX_DEPLOYMENT_TARGET = 10.7;
				ONLY_ACTIVE_ARCH = NO;
				PREBINDING = NO;
				SDKROOT = macosx;
				VALID_ARCHS = "i386 x86_64";
			};
			name = Release;
		};
/* End XCBuildConfiguration section */

/* Begin XCConfigurationList section */
		1DEB916008733D950010E9CD /* Build configuration list for PBXNativeTarget "OSHelper" */ = {
			isa = XCConfigurationList;
			buildConfigurations = (
				1DEB916108733D950010E9CD /* Debug */,
				1DEB916208733D950010E9CD /* Release */,
			);
			defaultConfigurationIsVisible = 0;
			defaultConfigurationName = Release;
		};
		1DEB916408733D950010E9CD /* Build configuration list for PBXProject "OSHelper" */ = {
			isa = XCConfigurationList;
			buildConfigurations = (
				1DEB916508733D950010E9CD /* Debug */,
				1DEB916608733D950010E9CD /* Release */,
			);
			defaultConfigurationIsVisible = 0;
			defaultConfigurationName = Release;
		};
/* End XCConfigurationList section */
	};
	rootObject = 0867D690FE84028FC02AAC07 /* Project object */;
}
